# This file is automatically @generated by Poetry 1.7.1 and should not be changed by hand.

[[package]]
name = "protobuf"
version = "4.21.2"
description = ""
optional = false
python-versions = ">=3.7"
files = [
    {file = "protobuf-4.21.2-cp310-abi3-win32.whl", hash = "sha256:d622dc75e289e8b3031dd8b4e87df508f11a6b3d86a49fb50256af7ce030d35b"},
    {file = "protobuf-4.21.2-cp310-abi3-win_amd64.whl", hash = "sha256:4758b9c22ad0486639a68cea58d38571f233019a73212d78476ec648f68a49a3"},
    {file = "protobuf-4.21.2-cp37-abi3-macosx_10_9_universal2.whl", hash = "sha256:e3d3df3292ab4bae85213b9ebef566b5aedb45f97425a92fac5b2e431d31e71c"},
    {file = "protobuf-4.21.2-cp37-abi3-manylinux2014_aarch64.whl", hash = "sha256:29eaf8e9db33bc3bae14576ad61370aa2b64ea5d6e6cd705042692e5e0404b10"},
    {file = "protobuf-4.21.2-cp37-abi3-manylinux2014_x86_64.whl", hash = "sha256:ef0768a609a02b2b412fa0f59f1242f1597e9bb15188d043f3fde09115ca6c69"},
    {file = "protobuf-4.21.2-cp37-cp37m-win32.whl", hash = "sha256:5f8c7488e74024fa12b46aab4258f707d7d6e94c8d322d7c45cc13770f66ab59"},
    {file = "protobuf-4.21.2-cp37-cp37m-win_amd64.whl", hash = "sha256:57a593e40257ab4f164fe6e171651b1386c98f8ec5f5a8643642889c50d4f3c4"},
    {file = "protobuf-4.21.2-cp38-cp38-win32.whl", hash = "sha256:b82ac05b0651a4d2b9d56f5aeef3d711f5858eb4b71c13d77553739e5930a74a"},
    {file = "protobuf-4.21.2-cp38-cp38-win_amd64.whl", hash = "sha256:f2f43ae8dff452aee3026b59ea0a09245ab2529a55a0984992e76bcf848610e1"},
    {file = "protobuf-4.21.2-cp39-cp39-win32.whl", hash = "sha256:7b2dcca25d88ec77358eed3d031c8260b5bf3023fff03a31c9584591c5910833"},
    {file = "protobuf-4.21.2-cp39-cp39-win_amd64.whl", hash = "sha256:095fda15fe04a79c9f0edab09b424be46dd057b15986d235b84c8cea91659df7"},
    {file = "protobuf-4.21.2-py2.py3-none-any.whl", hash = "sha256:9b42afb67e19010cdda057e439574ccd944902ea14b0d52ba0bfba2aad50858d"},
    {file = "protobuf-4.21.2-py3-none-any.whl", hash = "sha256:853708afc3a7eed4df28a8d4bd4812f829f8d736c104dd8d584ccff27969e311"},
    {file = "protobuf-4.21.2.tar.gz", hash = "sha256:863f65e137d9de4a76cac39ae731a19bea1c30997f512ecf0dc9348112313401"},
]

[metadata]
lock-version = "2.0"
python-versions = "~3.10"
content-hash = "3d9af638617e2a6df54874273b081c802281eb914ef408086a53e036b3952ebb"
